// !$*UTF8*$!
{
	archiveVersion = 1;
	classes = {
	};
	objectVersion = 50;
	objects = {

/* Begin PBXBuildFile section */
		C802153621ED303A007C69F4 /* AppDelegate.m in Sources */ = {isa = PBXBuildFile; fileRef = C802153521ED303A007C69F4 /* AppDelegate.m */; };
		C802153921ED303A007C69F4 /* ViewController.m in Sources */ = {isa = PBXBuildFile; fileRef = C802153821ED303A007C69F4 /* ViewController.m */; };
		C802153C21ED303A007C69F4 /* Main.storyboard in Resources */ = {isa = PBXBuildFile; fileRef = C802153A21ED303A007C69F4 /* Main.storyboard */; };
		C802153E21ED303B007C69F4 /* Assets.xcassets in Resources */ = {isa = PBXBuildFile; fileRef = C802153D21ED303B007C69F4 /* Assets.xcassets */; };
		C802154121ED303B007C69F4 /* LaunchScreen.storyboard in Resources */ = {isa = PBXBuildFile; fileRef = C802153F21ED303B007C69F4 /* LaunchScreen.storyboard */; };
		C802154421ED303B007C69F4 /* main.m in Sources */ = {isa = PBXBuildFile; fileRef = C802154321ED303B007C69F4 /* main.m */; };
		C802154E21ED303B007C69F4 /* TwoPlayerMathTests.m in Sources */ = {isa = PBXBuildFile; fileRef = C802154D21ED303B007C69F4 /* TwoPlayerMathTests.m */; };
		C802155921ED303B007C69F4 /* TwoPlayerMathUITests.m in Sources */ = {isa = PBXBuildFile; fileRef = C802155821ED303B007C69F4 /* TwoPlayerMathUITests.m */; };
		C802156821ED47DA007C69F4 /* Player.m in Sources */ = {isa = PBXBuildFile; fileRef = C802156721ED47DA007C69F4 /* Player.m */; };
		C802156E21ED4A42007C69F4 /* MathQuestion.m in Sources */ = {isa = PBXBuildFile; fileRef = C802156D21ED4A42007C69F4 /* MathQuestion.m */; };
		C802157121ED4C57007C69F4 /* GameManager.m in Sources */ = {isa = PBXBuildFile; fileRef = C802157021ED4C57007C69F4 /* GameManager.m */; };
/* End PBXBuildFile section */

/* Begin PBXContainerItemProxy section */
		C802154A21ED303B007C69F4 /* PBXContainerItemProxy */ = {
			isa = PBXContainerItemProxy;
			containerPortal = C802152921ED303A007C69F4 /* Project object */;
			proxyType = 1;
			remoteGlobalIDString = C802153021ED303A007C69F4;
			remoteInfo = TwoPlayerMath;
		};
		C802155521ED303B007C69F4 /* PBXContainerItemProxy */ = {
			isa = PBXContainerItemProxy;
			containerPortal = C802152921ED303A007C69F4 /* Project object */;
			proxyType = 1;
			remoteGlobalIDString = C802153021ED303A007C69F4;
			remoteInfo = TwoPlayerMath;
		};
/* End PBXContainerItemProxy section */

/* Begin PBXFileReference section */
		C802153121ED303A007C69F4 /* TwoPlayerMath.app */ = {isa = PBXFileReference; explicitFileType = wrapper.application; includeInIndex = 0; path = TwoPlayerMath.app; sourceTree = BUILT_PRODUCTS_DIR; };
		C802153421ED303A007C69F4 /* AppDelegate.h */ = {isa = PBXFileReference; lastKnownFileType = sourcecode.c.h; path = AppDelegate.h; sourceTree = "<group>"; };
		C802153521ED303A007C69F4 /* AppDelegate.m */ = {isa = PBXFileReference; lastKnownFileType = sourcecode.c.objc; path = AppDelegate.m; sourceTree = "<group>"; };
		C802153721ED303A007C69F4 /* ViewController.h */ = {isa = PBXFileReference; lastKnownFileType = sourcecode.c.h; path = ViewController.h; sourceTree = "<group>"; };
		C802153821ED303A007C69F4 /* ViewController.m */ = {isa = PBXFileReference; lastKnownFileType = sourcecode.c.objc; path = ViewController.m; sourceTree = "<group>"; };
		C802153B21ED303A007C69F4 /* Base */ = {isa = PBXFileReference; lastKnownFileType = file.storyboard; name = Base; path = Base.lproj/Main.storyboard; sourceTree = "<group>"; };
		C802153D21ED303B007C69F4 /* Assets.xcassets */ = {isa = PBXFileReference; lastKnownFileType = folder.assetcatalog; path = Assets.xcassets; sourceTree = "<group>"; };
		C802154021ED303B007C69F4 /* Base */ = {isa = PBXFileReference; lastKnownFileType = file.storyboard; name = Base; path = Base.lproj/LaunchScreen.storyboard; sourceTree = "<group>"; };
		C802154221ED303B007C69F4 /* Info.plist */ = {isa = PBXFileReference; lastKnownFileType = text.plist.xml; path = Info.plist; sourceTree = "<group>"; };
		C802154321ED303B007C69F4 /* main.m */ = {isa = PBXFileReference; lastKnownFileType = sourcecode.c.objc; path = main.m; sourceTree = "<group>"; };
		C802154921ED303B007C69F4 /* TwoPlayerMathTests.xctest */ = {isa = PBXFileReference; explicitFileType = wrapper.cfbundle; includeInIndex = 0; path = TwoPlayerMathTests.xctest; sourceTree = BUILT_PRODUCTS_DIR; };
		C802154D21ED303B007C69F4 /* TwoPlayerMathTests.m */ = {isa = PBXFileReference; lastKnownFileType = sourcecode.c.objc; path = TwoPlayerMathTests.m; sourceTree = "<group>"; };
		C802154F21ED303B007C69F4 /* Info.plist */ = {isa = PBXFileReference; lastKnownFileType = text.plist.xml; path = Info.plist; sourceTree = "<group>"; };
		C802155421ED303B007C69F4 /* TwoPlayerMathUITests.xctest */ = {isa = PBXFileReference; explicitFileType = wrapper.cfbundle; includeInIndex = 0; path = TwoPlayerMathUITests.xctest; sourceTree = BUILT_PRODUCTS_DIR; };
		C802155821ED303B007C69F4 /* TwoPlayerMathUITests.m */ = {isa = PBXFileReference; lastKnownFileType = sourcecode.c.objc; path = TwoPlayerMathUITests.m; sourceTree = "<group>"; };
		C802155A21ED303B007C69F4 /* Info.plist */ = {isa = PBXFileReference; lastKnownFileType = text.plist.xml; path = Info.plist; sourceTree = "<group>"; };
		C802156621ED47DA007C69F4 /* Player.h */ = {isa = PBXFileReference; lastKnownFileType = sourcecode.c.h; path = Player.h; sourceTree = "<group>"; };
		C802156721ED47DA007C69F4 /* Player.m */ = {isa = PBXFileReference; lastKnownFileType = sourcecode.c.objc; path = Player.m; sourceTree = "<group>"; };
		C802156C21ED4A42007C69F4 /* MathQuestion.h */ = {isa = PBXFileReference; lastKnownFileType = sourcecode.c.h; path = MathQuestion.h; sourceTree = "<group>"; };
		C802156D21ED4A42007C69F4 /* MathQuestion.m */ = {isa = PBXFileReference; lastKnownFileType = sourcecode.c.objc; path = MathQuestion.m; sourceTree = "<group>"; };
		C802156F21ED4C57007C69F4 /* GameManager.h */ = {isa = PBXFileReference; lastKnownFileType = sourcecode.c.h; path = GameManager.h; sourceTree = "<group>"; };
		C802157021ED4C57007C69F4 /* GameManager.m */ = {isa = PBXFileReference; lastKnownFileType = sourcecode.c.objc; path = GameManager.m; sourceTree = "<group>"; };
/* End PBXFileReference section */

/* Begin PBXFrameworksBuildPhase section */
		C802152E21ED303A007C69F4 /* Frameworks */ = {
			isa = PBXFrameworksBuildPhase;
			buildActionMask = 2147483647;
			files = (
			);
			runOnlyForDeploymentPostprocessing = 0;
		};
		C802154621ED303B007C69F4 /* Frameworks */ = {
			isa = PBXFrameworksBuildPhase;
			buildActionMask = 2147483647;
			files = (
			);
			runOnlyForDeploymentPostprocessing = 0;
		};
		C802155121ED303B007C69F4 /* Frameworks */ = {
			isa = PBXFrameworksBuildPhase;
			buildActionMask = 2147483647;
			files = (
			);
			runOnlyForDeploymentPostprocessing = 0;
		};
/* End PBXFrameworksBuildPhase section */

/* Begin PBXGroup section */
		C802152821ED303A007C69F4 = {
			isa = PBXGroup;
			children = (
				C802153321ED303A007C69F4 /* TwoPlayerMath */,
				C802154C21ED303B007C69F4 /* TwoPlayerMathTests */,
				C802155721ED303B007C69F4 /* TwoPlayerMathUITests */,
				C802153221ED303A007C69F4 /* Products */,
			);
			sourceTree = "<group>";
		};
		C802153221ED303A007C69F4 /* Products */ = {
			isa = PBXGroup;
			children = (
				C802153121ED303A007C69F4 /* TwoPlayerMath.app */,
				C802154921ED303B007C69F4 /* TwoPlayerMathTests.xctest */,
				C802155421ED303B007C69F4 /* TwoPlayerMathUITests.xctest */,
			);
			name = Products;
			sourceTree = "<group>";
		};
		C802153321ED303A007C69F4 /* TwoPlayerMath */ = {
			isa = PBXGroup;
			children = (
				C802153421ED303A007C69F4 /* AppDelegate.h */,
				C802153521ED303A007C69F4 /* AppDelegate.m */,
				C802153721ED303A007C69F4 /* ViewController.h */,
				C802153821ED303A007C69F4 /* ViewController.m */,
				C802156621ED47DA007C69F4 /* Player.h */,
				C802156721ED47DA007C69F4 /* Player.m */,
				C802156F21ED4C57007C69F4 /* GameManager.h */,
				C802157021ED4C57007C69F4 /* GameManager.m */,
				C802156C21ED4A42007C69F4 /* MathQuestion.h */,
				C802156D21ED4A42007C69F4 /* MathQuestion.m */,
				C802153A21ED303A007C69F4 /* Main.storyboard */,
				C802153D21ED303B007C69F4 /* Assets.xcassets */,
				C802153F21ED303B007C69F4 /* LaunchScreen.storyboard */,
				C802154221ED303B007C69F4 /* Info.plist */,
				C802154321ED303B007C69F4 /* main.m */,
			);
			path = TwoPlayerMath;
			sourceTree = "<group>";
		};
		C802154C21ED303B007C69F4 /* TwoPlayerMathTests */ = {
			isa = PBXGroup;
			children = (
				C802154D21ED303B007C69F4 /* TwoPlayerMathTests.m */,
				C802154F21ED303B007C69F4 /* Info.plist */,
			);
			path = TwoPlayerMathTests;
			sourceTree = "<group>";
		};
		C802155721ED303B007C69F4 /* TwoPlayerMathUITests */ = {
			isa = PBXGroup;
			children = (
				C802155821ED303B007C69F4 /* TwoPlayerMathUITests.m */,
				C802155A21ED303B007C69F4 /* Info.plist */,
			);
			path = TwoPlayerMathUITests;
			sourceTree = "<group>";
		};
/* End PBXGroup section */

/* Begin PBXNativeTarget section */
		C802153021ED303A007C69F4 /* TwoPlayerMath */ = {
			isa = PBXNativeTarget;
			buildConfigurationList = C802155D21ED303B007C69F4 /* Build configuration list for PBXNativeTarget "TwoPlayerMath" */;
			buildPhases = (
				C802152D21ED303A007C69F4 /* Sources */,
				C802152E21ED303A007C69F4 /* Frameworks */,
				C802152F21ED303A007C69F4 /* Resources */,
			);
			buildRules = (
			);
			dependencies = (
			);
			name = TwoPlayerMath;
			productName = TwoPlayerMath;
			productReference = C802153121ED303A007C69F4 /* TwoPlayerMath.app */;
			productType = "com.apple.product-type.application";
		};
		C802154821ED303B007C69F4 /* TwoPlayerMathTests */ = {
			isa = PBXNativeTarget;
			buildConfigurationList = C802156021ED303B007C69F4 /* Build configuration list for PBXNativeTarget "TwoPlayerMathTests" */;
			buildPhases = (
				C802154521ED303B007C69F4 /* Sources */,
				C802154621ED303B007C69F4 /* Frameworks */,
				C802154721ED303B007C69F4 /* Resources */,
			);
			buildRules = (
			);
			dependencies = (
				C802154B21ED303B007C69F4 /* PBXTargetDependency */,
			);
			name = TwoPlayerMathTests;
			productName = TwoPlayerMathTests;
			productReference = C802154921ED303B007C69F4 /* TwoPlayerMathTests.xctest */;
			productType = "com.apple.product-type.bundle.unit-test";
		};
		C802155321ED303B007C69F4 /* TwoPlayerMathUITests */ = {
			isa = PBXNativeTarget;
			buildConfigurationList = C802156321ED303B007C69F4 /* Build configuration list for PBXNativeTarget "TwoPlayerMathUITests" */;
			buildPhases = (
				C802155021ED303B007C69F4 /* Sources */,
				C802155121ED303B007C69F4 /* Frameworks */,
				C802155221ED303B007C69F4 /* Resources */,
			);
			buildRules = (
			);
			dependencies = (
				C802155621ED303B007C69F4 /* PBXTargetDependency */,
			);
			name = TwoPlayerMathUITests;
			productName = TwoPlayerMathUITests;
			productReference = C802155421ED303B007C69F4 /* TwoPlayerMathUITests.xctest */;
			productType = "com.apple.product-type.bundle.ui-testing";
		};
/* End PBXNativeTarget section */

/* Begin PBXProject section */
		C802152921ED303A007C69F4 /* Project object */ = {
			isa = PBXProject;
			attributes = {
				LastUpgradeCheck = 1010;
				ORGANIZATIONNAME = "Jun Oh";
				TargetAttributes = {
					C802153021ED303A007C69F4 = {
						CreatedOnToolsVersion = 10.1;
					};
					C802154821ED303B007C69F4 = {
						CreatedOnToolsVersion = 10.1;
						TestTargetID = C802153021ED303A007C69F4;
					};
					C802155321ED303B007C69F4 = {
						CreatedOnToolsVersion = 10.1;
						TestTargetID = C802153021ED303A007C69F4;
					};
				};
			};
			buildConfigurationList = C802152C21ED303A007C69F4 /* Build configuration list for PBXProject "TwoPlayerMath" */;
			compatibilityVersion = "Xcode 9.3";
			developmentRegion = en;
			hasScannedForEncodings = 0;
			knownRegions = (
				en,
				Base,
			);
			mainGroup = C802152821ED303A007C69F4;
			productRefGroup = C802153221ED303A007C69F4 /* Products */;
			projectDirPath = "";
			projectRoot = "";
			targets = (
				C802153021ED303A007C69F4 /* TwoPlayerMath */,
				C802154821ED303B007C69F4 /* TwoPlayerMathTests */,
				C802155321ED303B007C69F4 /* TwoPlayerMathUITests */,
			);
		};
/* End PBXProject section */

/* Begin PBXResourcesBuildPhase section */
		C802152F21ED303A007C69F4 /* Resources */ = {
			isa = PBXResourcesBuildPhase;
			buildActionMask = 2147483647;
			files = (
				C802154121ED303B007C69F4 /* LaunchScreen.storyboard in Resources */,
				C802153E21ED303B007C69F4 /* Assets.xcassets in Resources */,
				C802153C21ED303A007C69F4 /* Main.storyboard in Resources */,
			);
			runOnlyForDeploymentPostprocessing = 0;
		};
		C802154721ED303B007C69F4 /* Resources */ = {
			isa = PBXResourcesBuildPhase;
			buildActionMask = 2147483647;
			files = (
			);
			runOnlyForDeploymentPostprocessing = 0;
		};
		C802155221ED303B007C69F4 /* Resources */ = {
			isa = PBXResourcesBuildPhase;
			buildActionMask = 2147483647;
			files = (
			);
			runOnlyForDeploymentPostprocessing = 0;
		};
/* End PBXResourcesBuildPhase section */

/* Begin PBXSourcesBuildPhase section */
		C802152D21ED303A007C69F4 /* Sources */ = {
			isa = PBXSourcesBuildPhase;
			buildActionMask = 2147483647;
			files = (
				C802156821ED47DA007C69F4 /* Player.m in Sources */,
				C802153921ED303A007C69F4 /* ViewController.m in Sources */,
				C802156E21ED4A42007C69F4 /* MathQuestion.m in Sources */,
				C802154421ED303B007C69F4 /* main.m in Sources */,
				C802157121ED4C57007C69F4 /* GameManager.m in Sources */,
				C802153621ED303A007C69F4 /* AppDelegate.m in Sources */,
			);
			runOnlyForDeploymentPostprocessing = 0;
		};
		C802154521ED303B007C69F4 /* Sources */ = {
			isa = PBXSourcesBuildPhase;
			buildActionMask = 2147483647;
			files = (
				C802154E21ED303B007C69F4 /* TwoPlayerMathTests.m in Sources */,
			);
			runOnlyForDeploymentPostprocessing = 0;
		};
		C802155021ED303B007C69F4 /* Sources */ = {
			isa = PBXSourcesBuildPhase;
			buildActionMask = 2147483647;
			files = (
				C802155921ED303B007C69F4 /* TwoPlayerMathUITests.m in Sources */,
			);
			runOnlyForDeploymentPostprocessing = 0;
		};
/* End PBXSourcesBuildPhase section */

/* Begin PBXTargetDependency section */
		C802154B21ED303B007C69F4 /* PBXTargetDependency */ = {
			isa = PBXTargetDependency;
			target = C802153021ED303A007C69F4 /* TwoPlayerMath */;
			targetProxy = C802154A21ED303B007C69F4 /* PBXContainerItemProxy */;
		};
		C802155621ED303B007C69F4 /* PBXTargetDependency */ = {
			isa = PBXTargetDependency;
			target = C802153021ED303A007C69F4 /* TwoPlayerMath */;
			targetProxy = C802155521ED303B007C69F4 /* PBXContainerItemProxy */;
		};
/* End PBXTargetDependency section */

/* Begin PBXVariantGroup section */
		C802153A21ED303A007C69F4 /* Main.storyboard */ = {
			isa = PBXVariantGroup;
			children = (
				C802153B21ED303A007C69F4 /* Base */,
			);
			name = Main.storyboard;
			sourceTree = "<group>";
		};
		C802153F21ED303B007C69F4 /* LaunchScreen.storyboard */ = {
			isa = PBXVariantGroup;
			children = (
				C802154021ED303B007C69F4 /* Base */,
			);
			name = LaunchScreen.storyboard;
			sourceTree = "<group>";
		};
/* End PBXVariantGroup section */

/* Begin XCBuildConfiguration section */
		C802155B21ED303B007C69F4 /* Debug */ = {
			isa = XCBuildConfiguration;
			buildSettings = {
				ALWAYS_SEARCH_USER_PATHS = NO;
				CLANG_ANALYZER_NONNULL = YES;
				CLANG_ANALYZER_NUMBER_OBJECT_CONVERSION = YES_AGGRESSIVE;
				CLANG_CXX_LANGUAGE_STANDARD = "gnu++14";
				CLANG_CXX_LIBRARY = "libc++";
				CLANG_ENABLE_MODULES = YES;
				CLANG_ENABLE_OBJC_ARC = YES;
				CLANG_ENABLE_OBJC_WEAK = YES;
				CLANG_WARN_BLOCK_CAPTURE_AUTORELEASING = YES;
				CLANG_WARN_BOOL_CONVERSION = YES;
				CLANG_WARN_COMMA = YES;
				CLANG_WARN_CONSTANT_CONVERSION = YES;
				CLANG_WARN_DEPRECATED_OBJC_IMPLEMENTATIONS = YES;
				CLANG_WARN_DIRECT_OBJC_ISA_USAGE = YES_ERROR;
				CLANG_WARN_DOCUMENTATION_COMMENTS = YES;
				CLANG_WARN_EMPTY_BODY = YES;
				CLANG_WARN_ENUM_CONVERSION = YES;
				CLANG_WARN_INFINITE_RECURSION = YES;
				CLANG_WARN_INT_CONVERSION = YES;
				CLANG_WARN_NON_LITERAL_NULL_CONVERSION = YES;
				CLANG_WARN_OBJC_IMPLICIT_RETAIN_SELF = YES;
				CLANG_WARN_OBJC_LITERAL_CONVERSION = YES;
				CLANG_WARN_OBJC_ROOT_CLASS = YES_ERROR;
				CLANG_WARN_RANGE_LOOP_ANALYSIS = YES;
				CLANG_WARN_STRICT_PROTOTYPES = YES;
				CLANG_WARN_SUSPICIOUS_MOVE = YES;
				CLANG_WARN_UNGUARDED_AVAILABILITY = YES_AGGRESSIVE;
				CLANG_WARN_UNREACHABLE_CODE = YES;
				CLANG_WARN__DUPLICATE_METHOD_MATCH = YES;
				CODE_SIGN_IDENTITY = "iPhone Developer";
				COPY_PHASE_STRIP = NO;
				DEBUG_INFORMATION_FORMAT = dwarf;
				ENABLE_STRICT_OBJC_MSGSEND = YES;
				ENABLE_TESTABILITY = YES;
				GCC_C_LANGUAGE_STANDARD = gnu11;
				GCC_DYNAMIC_NO_PIC = NO;
				GCC_NO_COMMON_BLOCKS = YES;
				GCC_OPTIMIZATION_LEVEL = 0;
				GCC_PREPROCESSOR_DEFINITIONS = (
					"DEBUG=1",
					"$(inherited)",
				);
				GCC_WARN_64_TO_32_BIT_CONVERSION = YES;
				GCC_WARN_ABOUT_RETURN_TYPE = YES_ERROR;
				GCC_WARN_UNDECLARED_SELECTOR = YES;
				GCC_WARN_UNINITIALIZED_AUTOS = YES_AGGRESSIVE;
				GCC_WARN_UNUSED_FUNCTION = YES;
				GCC_WARN_UNUSED_VARIABLE = YES;
				IPHONEOS_DEPLOYMENT_TARGET = 12.1;
				MTL_ENABLE_DEBUG_INFO = INCLUDE_SOURCE;
				MTL_FAST_MATH = YES;
				ONLY_ACTIVE_ARCH = YES;
				SDKROOT = iphoneos;
			};
			name = Debug;
		};
		C802155C21ED303B007C69F4 /* Release */ = {
			isa = XCBuildConfiguration;
			buildSettings = {
				ALWAYS_SEARCH_USER_PATHS = NO;
				CLANG_ANALYZER_NONNULL = YES;
				CLANG_ANALYZER_NUMBER_OBJECT_CONVERSION = YES_AGGRESSIVE;
				CLANG_CXX_LANGUAGE_STANDARD = "gnu++14";
				CLANG_CXX_LIBRARY = "libc++";
				CLANG_ENABLE_MODULES = YES;
				CLANG_ENABLE_OBJC_ARC = YES;
				CLANG_ENABLE_OBJC_WEAK = YES;
				CLANG_WARN_BLOCK_CAPTURE_AUTORELEASING = YES;
				CLANG_WARN_BOOL_CONVERSION = YES;
				CLANG_WARN_COMMA = YES;
				CLANG_WARN_CONSTANT_CONVERSION = YES;
				CLANG_WARN_DEPRECATED_OBJC_IMPLEMENTATIONS = YES;
				CLANG_WARN_DIRECT_OBJC_ISA_USAGE = YES_ERROR;
				CLANG_WARN_DOCUMENTATION_COMMENTS = YES;
				CLANG_WARN_EMPTY_BODY = YES;
				CLANG_WARN_ENUM_CONVERSION = YES;
				CLANG_WARN_INFINITE_RECURSION = YES;
				CLANG_WARN_INT_CONVERSION = YES;
				CLANG_WARN_NON_LITERAL_NULL_CONVERSION = YES;
				CLANG_WARN_OBJC_IMPLICIT_RETAIN_SELF = YES;
				CLANG_WARN_OBJC_LITERAL_CONVERSION = YES;
				CLANG_WARN_OBJC_ROOT_CLASS = YES_ERROR;
				CLANG_WARN_RANGE_LOOP_ANALYSIS = YES;
				CLANG_WARN_STRICT_PROTOTYPES = YES;
				CLANG_WARN_SUSPICIOUS_MOVE = YES;
				CLANG_WARN_UNGUARDED_AVAILABILITY = YES_AGGRESSIVE;
				CLANG_WARN_UNREACHABLE_CODE = YES;
				CLANG_WARN__DUPLICATE_METHOD_MATCH = YES;
				CODE_SIGN_IDENTITY = "iPhone Developer";
				COPY_PHASE_STRIP = NO;
				DEBUG_INFORMATION_FORMAT = "dwarf-with-dsym";
				ENABLE_NS_ASSERTIONS = NO;
				ENABLE_STRICT_OBJC_MSGSEND = YES;
				GCC_C_LANGUAGE_STANDARD = gnu11;
				GCC_NO_COMMON_BLOCKS = YES;
				GCC_WARN_64_TO_32_BIT_CONVERSION = YES;
				GCC_WARN_ABOUT_RETURN_TYPE = YES_ERROR;
				GCC_WARN_UNDECLARED_SELECTOR = YES;
				GCC_WARN_UNINITIALIZED_AUTOS = YES_AGGRESSIVE;
				GCC_WARN_UNUSED_FUNCTION = YES;
				GCC_WARN_UNUSED_VARIABLE = YES;
				IPHONEOS_DEPLOYMENT_TARGET = 12.1;
				MTL_ENABLE_DEBUG_INFO = NO;
				MTL_FAST_MATH = YES;
				SDKROOT = iphoneos;
				VALIDATE_PRODUCT = YES;
			};
			name = Release;
		};
		C802155E21ED303B007C69F4 /* Debug */ = {
			isa = XCBuildConfiguration;
			buildSettings = {
				ASSETCATALOG_COMPILER_APPICON_NAME = AppIcon;
				CODE_SIGN_STYLE = Automatic;
				INFOPLIST_FILE = TwoPlayerMath/Info.plist;
				LD_RUNPATH_SEARCH_PATHS = (
					"$(inherited)",
					"@executable_path/Frameworks",
				);
				PRODUCT_BUNDLE_IDENTIFIER = com.juuuuuun.TwoPlayerMath;
				PRODUCT_NAME = "$(TARGET_NAME)";
				TARGETED_DEVICE_FAMILY = "1,2";
			};
			name = Debug;
		};
		C802155F21ED303B007C69F4 /* Release */ = {
			isa = XCBuildConfiguration;
			buildSettings = {
				ASSETCATALOG_COMPILER_APPICON_NAME = AppIcon;
				CODE_SIGN_STYLE = Automatic;
				INFOPLIST_FILE = TwoPlayerMath/Info.plist;
				LD_RUNPATH_SEARCH_PATHS = (
					"$(inherited)",
					"@executable_path/Frameworks",
				);
				PRODUCT_BUNDLE_IDENTIFIER = com.juuuuuun.TwoPlayerMath;
				PRODUCT_NAME = "$(TARGET_NAME)";
				TARGETED_DEVICE_FAMILY = "1,2";
			};
			name = Release;
		};
		C802156121ED303B007C69F4 /* Debug */ = {
			isa = XCBuildConfiguration;
			buildSettings = {
				BUNDLE_LOADER = "$(TEST_HOST)";
				CODE_SIGN_STYLE = Automatic;
				INFOPLIST_FILE = TwoPlayerMathTests/Info.plist;
				LD_RUNPATH_SEARCH_PATHS = (
					"$(inherited)",
					"@executable_path/Frameworks",
					"@loader_path/Frameworks",
				);
				PRODUCT_BUNDLE_IDENTIFIER = com.juuuuuun.TwoPlayerMathTests;
				PRODUCT_NAME = "$(TARGET_NAME)";
				TARGETED_DEVICE_FAMILY = "1,2";
				TEST_HOST = "$(BUILT_PRODUCTS_DIR)/TwoPlayerMath.app/TwoPlayerMath";
			};
			name = Debug;
		};
		C802156221ED303B007C69F4 /* Release */ = {
			isa = XCBuildConfiguration;
			buildSettings = {
				BUNDLE_LOADER = "$(TEST_HOST)";
				CODE_SIGN_STYLE = Automatic;
				INFOPLIST_FILE = TwoPlayerMathTests/Info.plist;
				LD_RUNPATH_SEARCH_PATHS = (
					"$(inherited)",
					"@executable_path/Frameworks",
					"@loader_path/Frameworks",
				);
				PRODUCT_BUNDLE_IDENTIFIER = com.juuuuuun.TwoPlayerMathTests;
				PRODUCT_NAME = "$(TARGET_NAME)";
				TARGETED_DEVICE_FAMILY = "1,2";
				TEST_HOST = "$(BUILT_PRODUCTS_DIR)/TwoPlayerMath.app/TwoPlayerMath";
			};
			name = Release;
		};
		C802156421ED303B007C69F4 /* Debug */ = {
			isa = XCBuildConfiguration;
			buildSettings = {
				CODE_SIGN_STYLE = Automatic;
				INFOPLIST_FILE = TwoPlayerMathUITests/Info.plist;
				LD_RUNPATH_SEARCH_PATHS = (
					"$(inherited)",
					"@executable_path/Frameworks",
					"@loader_path/Frameworks",
				);
				PRODUCT_BUNDLE_IDENTIFIER = com.juuuuuun.TwoPlayerMathUITests;
				PRODUCT_NAME = "$(TARGET_NAME)";
				TARGETED_DEVICE_FAMILY = "1,2";
				TEST_TARGET_NAME = TwoPlayerMath;
			};
			name = Debug;
		};
		C802156521ED303B007C69F4 /* Release */ = {
			isa = XCBuildConfiguration;
			buildSettings = {
				CODE_SIGN_STYLE = Automatic;
				INFOPLIST_FILE = TwoPlayerMathUITests/Info.plist;
				LD_RUNPATH_SEARCH_PATHS = (
					"$(inherited)",
					"@executable_path/Frameworks",
					"@loader_path/Frameworks",
				);
				PRODUCT_BUNDLE_IDENTIFIER = com.juuuuuun.TwoPlayerMathUITests;
				PRODUCT_NAME = "$(TARGET_NAME)";
				TARGETED_DEVICE_FAMILY = "1,2";
				TEST_TARGET_NAME = TwoPlayerMath;
			};
			name = Release;
		};
/* End XCBuildConfiguration section */

/* Begin XCConfigurationList section */
		C802152C21ED303A007C69F4 /* Build configuration list for PBXProject "TwoPlayerMath" */ = {
			isa = XCConfigurationList;
			buildConfigurations = (
				C802155B21ED303B007C69F4 /* Debug */,
				C802155C21ED303B007C69F4 /* Release */,
			);
			defaultConfigurationIsVisible = 0;
			defaultConfigurationName = Release;
		};
		C802155D21ED303B007C69F4 /* Build configuration list for PBXNativeTarget "TwoPlayerMath" */ = {
			isa = XCConfigurationList;
			buildConfigurations = (
				C802155E21ED303B007C69F4 /* Debug */,
				C802155F21ED303B007C69F4 /* Release */,
			);
			defaultConfigurationIsVisible = 0;
			defaultConfigurationName = Release;
		};
		C802156021ED303B007C69F4 /* Build configuration list for PBXNativeTarget "TwoPlayerMathTests" */ = {
			isa = XCConfigurationList;
			buildConfigurations = (
				C802156121ED303B007C69F4 /* Debug */,
				C802156221ED303B007C69F4 /* Release */,
			);
			defaultConfigurationIsVisible = 0;
			defaultConfigurationName = Release;
		};
		C802156321ED303B007C69F4 /* Build configuration list for PBXNativeTarget "TwoPlayerMathUITests" */ = {
			isa = XCConfigurationList;
			buildConfigurations = (
				C802156421ED303B007C69F4 /* Debug */,
				C802156521ED303B007C69F4 /* Release */,
			);
			defaultConfigurationIsVisible = 0;
			defaultConfigurationName = Release;
		};
/* End XCConfigurationList section */
	};
	rootObject = C802152921ED303A007C69F4 /* Project object */;
}
